// !$*UTF8*$!
{
	archiveVersion = 1;
	classes = {
	};
	objectVersion = 46;
	objects = {

/* Begin PBXBuildFile section */
		3B306DEA1C0B1EB4005B06F5 /* CommentItem.m in Sources */ = {isa = PBXBuildFile; fileRef = 3B306DE91C0B1EB4005B06F5 /* CommentItem.m */; };
		3B3B62631C07AB4400BAAFA6 /* QuestionTableViewCell.m in Sources */ = {isa = PBXBuildFile; fileRef = 3B3B62621C07AB4400BAAFA6 /* QuestionTableViewCell.m */; };
		3B43E2111C0BA84A0041D7E5 /* UIViewController+UIAlertController.m in Sources */ = {isa = PBXBuildFile; fileRef = 3B43E2101C0BA84A0041D7E5 /* UIViewController+UIAlertController.m */; };
		3B73B2301C0505AE0049642C /* main.m in Sources */ = {isa = PBXBuildFile; fileRef = 3B73B22F1C0505AE0049642C /* main.m */; };
		3B73B2331C0505AE0049642C /* AppDelegate.m in Sources */ = {isa = PBXBuildFile; fileRef = 3B73B2321C0505AE0049642C /* AppDelegate.m */; };
		3B73B2361C0505AE0049642C /* MasterViewController.m in Sources */ = {isa = PBXBuildFile; fileRef = 3B73B2351C0505AE0049642C /* MasterViewController.m */; };
		3B73B2391C0505AE0049642C /* CommentsViewController.m in Sources */ = {isa = PBXBuildFile; fileRef = 3B73B2381C0505AE0049642C /* CommentsViewController.m */; };
		3B73B23C1C0505AE0049642C /* Main.storyboard in Resources */ = {isa = PBXBuildFile; fileRef = 3B73B23A1C0505AE0049642C /* Main.storyboard */; };
		3B73B23E1C0505AE0049642C /* Assets.xcassets in Resources */ = {isa = PBXBuildFile; fileRef = 3B73B23D1C0505AE0049642C /* Assets.xcassets */; };
		3B73B2411C0505AE0049642C /* LaunchScreen.storyboard in Resources */ = {isa = PBXBuildFile; fileRef = 3B73B23F1C0505AE0049642C /* LaunchScreen.storyboard */; };
		3B73B24C1C0505AE0049642C /* StackOverFlowTests.m in Sources */ = {isa = PBXBuildFile; fileRef = 3B73B24B1C0505AE0049642C /* StackOverFlowTests.m */; };
		3B73B2571C0505AE0049642C /* StackOverFlowUITests.m in Sources */ = {isa = PBXBuildFile; fileRef = 3B73B2561C0505AE0049642C /* StackOverFlowUITests.m */; };
		3B74CFBF1C063ADF000C7E40 /* QuestionItem.m in Sources */ = {isa = PBXBuildFile; fileRef = 3B74CFBE1C063ADF000C7E40 /* QuestionItem.m */; };
		3B74CFC21C063B14000C7E40 /* OwnerItem.m in Sources */ = {isa = PBXBuildFile; fileRef = 3B74CFC11C063B14000C7E40 /* OwnerItem.m */; };
		3B74CFC51C0642D0000C7E40 /* MessageManager.m in Sources */ = {isa = PBXBuildFile; fileRef = 3B74CFC41C0642D0000C7E40 /* MessageManager.m */; };
		3B8F856B1C09CBEB0033D67E /* AppUtils.m in Sources */ = {isa = PBXBuildFile; fileRef = 3B8F856A1C09CBEB0033D67E /* AppUtils.m */; };
		3B8F856E1C09E47D0033D67E /* AnswerTableViewCell.m in Sources */ = {isa = PBXBuildFile; fileRef = 3B8F856D1C09E47D0033D67E /* AnswerTableViewCell.m */; };
		3B8F85741C09F6BF0033D67E /* AnswerItem.m in Sources */ = {isa = PBXBuildFile; fileRef = 3B8F85731C09F6BF0033D67E /* AnswerItem.m */; };
		3B9E62711C0B357B0088A967 /* DetailViewControllerTests.m in Sources */ = {isa = PBXBuildFile; fileRef = 3B9E62701C0B357B0088A967 /* DetailViewControllerTests.m */; };
		3BC4EE541C0AF1590047AC36 /* DetailViewController.m in Sources */ = {isa = PBXBuildFile; fileRef = 3BC4EE531C0AF1590047AC36 /* DetailViewController.m */; };
		70C816F39B85D4F9F8F8CDCA /* libPods-StackOverFlow.a in Frameworks */ = {isa = PBXBuildFile; fileRef = F934A607B144E2325D3C4098 /* libPods-StackOverFlow.a */; };
		A8118EB3B3AA54D8C76C6067 /* libPods-StackOverFlowTests.a in Frameworks */ = {isa = PBXBuildFile; fileRef = 436401E4E3270DBF5EAF8001 /* libPods-StackOverFlowTests.a */; };
/* End PBXBuildFile section */

/* Begin PBXContainerItemProxy section */
		3B73B2481C0505AE0049642C /* PBXContainerItemProxy */ = {
			isa = PBXContainerItemProxy;
			containerPortal = 3B73B2231C0505AE0049642C /* Project object */;
			proxyType = 1;
			remoteGlobalIDString = 3B73B22A1C0505AE0049642C;
			remoteInfo = StackOverFlow;
		};
		3B73B2531C0505AE0049642C /* PBXContainerItemProxy */ = {
			isa = PBXContainerItemProxy;
			containerPortal = 3B73B2231C0505AE0049642C /* Project object */;
			proxyType = 1;
			remoteGlobalIDString = 3B73B22A1C0505AE0049642C;
			remoteInfo = StackOverFlow;
		};
/* End PBXContainerItemProxy section */

/* Begin PBXFileReference section */
		0FB05381E00BD40B7DFC5623 /* Pods-StackOverFlow.release.xcconfig */ = {isa = PBXFileReference; includeInIndex = 1; lastKnownFileType = text.xcconfig; name = "Pods-StackOverFlow.release.xcconfig"; path = "Pods/Target Support Files/Pods-StackOverFlow/Pods-StackOverFlow.release.xcconfig"; sourceTree = "<group>"; };
		3B306DE81C0B1EB4005B06F5 /* CommentItem.h */ = {isa = PBXFileReference; fileEncoding = 4; lastKnownFileType = sourcecode.c.h; name = CommentItem.h; path = StackOverFlow/Data/CommentItem.h; sourceTree = "<group>"; };
		3B306DE91C0B1EB4005B06F5 /* CommentItem.m */ = {isa = PBXFileReference; fileEncoding = 4; lastKnownFileType = sourcecode.c.objc; name = CommentItem.m; path = StackOverFlow/Data/CommentItem.m; sourceTree = "<group>"; };
		3B3B62611C07AB4400BAAFA6 /* QuestionTableViewCell.h */ = {isa = PBXFileReference; fileEncoding = 4; lastKnownFileType = sourcecode.c.h; name = QuestionTableViewCell.h; path = Cells/QuestionTableViewCell.h; sourceTree = "<group>"; };
		3B3B62621C07AB4400BAAFA6 /* QuestionTableViewCell.m */ = {isa = PBXFileReference; fileEncoding = 4; lastKnownFileType = sourcecode.c.objc; name = QuestionTableViewCell.m; path = Cells/QuestionTableViewCell.m; sourceTree = "<group>"; };
		3B43E20F1C0BA84A0041D7E5 /* UIViewController+UIAlertController.h */ = {isa = PBXFileReference; fileEncoding = 4; lastKnownFileType = sourcecode.c.h; name = "UIViewController+UIAlertController.h"; path = "Categories/UIViewController+UIAlertController.h"; sourceTree = "<group>"; };
		3B43E2101C0BA84A0041D7E5 /* UIViewController+UIAlertController.m */ = {isa = PBXFileReference; fileEncoding = 4; lastKnownFileType = sourcecode.c.objc; name = "UIViewController+UIAlertController.m"; path = "Categories/UIViewController+UIAlertController.m"; sourceTree = "<group>"; };
		3B73B22B1C0505AE0049642C /* StackOverFlow.app */ = {isa = PBXFileReference; explicitFileType = wrapper.application; includeInIndex = 0; path = StackOverFlow.app; sourceTree = BUILT_PRODUCTS_DIR; };
		3B73B22F1C0505AE0049642C /* main.m */ = {isa = PBXFileReference; lastKnownFileType = sourcecode.c.objc; path = main.m; sourceTree = "<group>"; };
		3B73B2311C0505AE0049642C /* AppDelegate.h */ = {isa = PBXFileReference; lastKnownFileType = sourcecode.c.h; path = AppDelegate.h; sourceTree = "<group>"; };
		3B73B2321C0505AE0049642C /* AppDelegate.m */ = {isa = PBXFileReference; lastKnownFileType = sourcecode.c.objc; path = AppDelegate.m; sourceTree = "<group>"; };
		3B73B2341C0505AE0049642C /* MasterViewController.h */ = {isa = PBXFileReference; lastKnownFileType = sourcecode.c.h; path = MasterViewController.h; sourceTree = "<group>"; };
		3B73B2351C0505AE0049642C /* MasterViewController.m */ = {isa = PBXFileReference; lastKnownFileType = sourcecode.c.objc; path = MasterViewController.m; sourceTree = "<group>"; };
		3B73B2371C0505AE0049642C /* CommentsViewController.h */ = {isa = PBXFileReference; lastKnownFileType = sourcecode.c.h; path = CommentsViewController.h; sourceTree = "<group>"; };
		3B73B2381C0505AE0049642C /* CommentsViewController.m */ = {isa = PBXFileReference; lastKnownFileType = sourcecode.c.objc; path = CommentsViewController.m; sourceTree = "<group>"; };
		3B73B23B1C0505AE0049642C /* Base */ = {isa = PBXFileReference; lastKnownFileType = file.storyboard; name = Base; path = Base.lproj/Main.storyboard; sourceTree = "<group>"; };
		3B73B23D1C0505AE0049642C /* Assets.xcassets */ = {isa = PBXFileReference; lastKnownFileType = folder.assetcatalog; path = Assets.xcassets; sourceTree = "<group>"; };
		3B73B2401C0505AE0049642C /* Base */ = {isa = PBXFileReference; lastKnownFileType = file.storyboard; name = Base; path = Base.lproj/LaunchScreen.storyboard; sourceTree = "<group>"; };
		3B73B2421C0505AE0049642C /* Info.plist */ = {isa = PBXFileReference; lastKnownFileType = text.plist.xml; path = Info.plist; sourceTree = "<group>"; };
		3B73B2471C0505AE0049642C /* StackOverFlowTests.xctest */ = {isa = PBXFileReference; explicitFileType = wrapper.cfbundle; includeInIndex = 0; path = StackOverFlowTests.xctest; sourceTree = BUILT_PRODUCTS_DIR; };
		3B73B24B1C0505AE0049642C /* StackOverFlowTests.m */ = {isa = PBXFileReference; lastKnownFileType = sourcecode.c.objc; path = StackOverFlowTests.m; sourceTree = "<group>"; };
		3B73B24D1C0505AE0049642C /* Info.plist */ = {isa = PBXFileReference; lastKnownFileType = text.plist.xml; path = Info.plist; sourceTree = "<group>"; };
		3B73B2521C0505AE0049642C /* StackOverFlowUITests.xctest */ = {isa = PBXFileReference; explicitFileType = wrapper.cfbundle; includeInIndex = 0; path = StackOverFlowUITests.xctest; sourceTree = BUILT_PRODUCTS_DIR; };
		3B73B2561C0505AE0049642C /* StackOverFlowUITests.m */ = {isa = PBXFileReference; lastKnownFileType = sourcecode.c.objc; path = StackOverFlowUITests.m; sourceTree = "<group>"; };
		3B73B2581C0505AE0049642C /* Info.plist */ = {isa = PBXFileReference; lastKnownFileType = text.plist.xml; path = Info.plist; sourceTree = "<group>"; };
		3B74CFBD1C063ADF000C7E40 /* QuestionItem.h */ = {isa = PBXFileReference; fileEncoding = 4; lastKnownFileType = sourcecode.c.h; name = QuestionItem.h; path = StackOverFlow/Data/QuestionItem.h; sourceTree = "<group>"; };
		3B74CFBE1C063ADF000C7E40 /* QuestionItem.m */ = {isa = PBXFileReference; fileEncoding = 4; lastKnownFileType = sourcecode.c.objc; name = QuestionItem.m; path = StackOverFlow/Data/QuestionItem.m; sourceTree = "<group>"; };
		3B74CFC01C063B14000C7E40 /* OwnerItem.h */ = {isa = PBXFileReference; fileEncoding = 4; lastKnownFileType = sourcecode.c.h; name = OwnerItem.h; path = StackOverFlow/Data/OwnerItem.h; sourceTree = "<group>"; };
		3B74CFC11C063B14000C7E40 /* OwnerItem.m */ = {isa = PBXFileReference; fileEncoding = 4; lastKnownFileType = sourcecode.c.objc; name = OwnerItem.m; path = StackOverFlow/Data/OwnerItem.m; sourceTree = "<group>"; };
		3B74CFC31C0642D0000C7E40 /* MessageManager.h */ = {isa = PBXFileReference; fileEncoding = 4; lastKnownFileType = sourcecode.c.h; name = MessageManager.h; path = StackOverFlow/API/MessageManager.h; sourceTree = "<group>"; };
		3B74CFC41C0642D0000C7E40 /* MessageManager.m */ = {isa = PBXFileReference; fileEncoding = 4; lastKnownFileType = sourcecode.c.objc; name = MessageManager.m; path = StackOverFlow/API/MessageManager.m; sourceTree = "<group>"; };
		3B8F85691C09CBEB0033D67E /* AppUtils.h */ = {isa = PBXFileReference; fileEncoding = 4; lastKnownFileType = sourcecode.c.h; path = AppUtils.h; sourceTree = "<group>"; };
		3B8F856A1C09CBEB0033D67E /* AppUtils.m */ = {isa = PBXFileReference; fileEncoding = 4; lastKnownFileType = sourcecode.c.objc; path = AppUtils.m; sourceTree = "<group>"; };
		3B8F856C1C09E47D0033D67E /* AnswerTableViewCell.h */ = {isa = PBXFileReference; fileEncoding = 4; lastKnownFileType = sourcecode.c.h; name = AnswerTableViewCell.h; path = Cells/AnswerTableViewCell.h; sourceTree = "<group>"; };
		3B8F856D1C09E47D0033D67E /* AnswerTableViewCell.m */ = {isa = PBXFileReference; fileEncoding = 4; lastKnownFileType = sourcecode.c.objc; name = AnswerTableViewCell.m; path = Cells/AnswerTableViewCell.m; sourceTree = "<group>"; };
		3B8F85721C09F6BF0033D67E /* AnswerItem.h */ = {isa = PBXFileReference; fileEncoding = 4; lastKnownFileType = sourcecode.c.h; name = AnswerItem.h; path = StackOverFlow/Data/AnswerItem.h; sourceTree = "<group>"; };
		3B8F85731C09F6BF0033D67E /* AnswerItem.m */ = {isa = PBXFileReference; fileEncoding = 4; lastKnownFileType = sourcecode.c.objc; name = AnswerItem.m; path = StackOverFlow/Data/AnswerItem.m; sourceTree = "<group>"; };
		3B9E62701C0B357B0088A967 /* DetailViewControllerTests.m */ = {isa = PBXFileReference; fileEncoding = 4; lastKnownFileType = sourcecode.c.objc; path = DetailViewControllerTests.m; sourceTree = "<group>"; };
		3BC4EE521C0AF1590047AC36 /* DetailViewController.h */ = {isa = PBXFileReference; fileEncoding = 4; lastKnownFileType = sourcecode.c.h; path = DetailViewController.h; sourceTree = "<group>"; };
		3BC4EE531C0AF1590047AC36 /* DetailViewController.m */ = {isa = PBXFileReference; fileEncoding = 4; lastKnownFileType = sourcecode.c.objc; path = DetailViewController.m; sourceTree = "<group>"; };
		436401E4E3270DBF5EAF8001 /* libPods-StackOverFlowTests.a */ = {isa = PBXFileReference; explicitFileType = archive.ar; includeInIndex = 0; path = "libPods-StackOverFlowTests.a"; sourceTree = BUILT_PRODUCTS_DIR; };
		73ADE5E708A5D6538CC757DB /* Pods-StackOverFlow.debug.xcconfig */ = {isa = PBXFileReference; includeInIndex = 1; lastKnownFileType = text.xcconfig; name = "Pods-StackOverFlow.debug.xcconfig"; path = "Pods/Target Support Files/Pods-StackOverFlow/Pods-StackOverFlow.debug.xcconfig"; sourceTree = "<group>"; };
		B366CD7A5759B52D773A2792 /* Pods-StackOverFlowTests.release.xcconfig */ = {isa = PBXFileReference; includeInIndex = 1; lastKnownFileType = text.xcconfig; name = "Pods-StackOverFlowTests.release.xcconfig"; path = "Pods/Target Support Files/Pods-StackOverFlowTests/Pods-StackOverFlowTests.release.xcconfig"; sourceTree = "<group>"; };
		EB569D62835625CBCEA3C352 /* Pods-StackOverFlowTests.debug.xcconfig */ = {isa = PBXFileReference; includeInIndex = 1; lastKnownFileType = text.xcconfig; name = "Pods-StackOverFlowTests.debug.xcconfig"; path = "Pods/Target Support Files/Pods-StackOverFlowTests/Pods-StackOverFlowTests.debug.xcconfig"; sourceTree = "<group>"; };
		F934A607B144E2325D3C4098 /* libPods-StackOverFlow.a */ = {isa = PBXFileReference; explicitFileType = archive.ar; includeInIndex = 0; path = "libPods-StackOverFlow.a"; sourceTree = BUILT_PRODUCTS_DIR; };
/* End PBXFileReference section */

/* Begin PBXFrameworksBuildPhase section */
		3B73B2281C0505AE0049642C /* Frameworks */ = {
			isa = PBXFrameworksBuildPhase;
			buildActionMask = 2147483647;
			files = (
				70C816F39B85D4F9F8F8CDCA /* libPods-StackOverFlow.a in Frameworks */,
			);
			runOnlyForDeploymentPostprocessing = 0;
		};
		3B73B2441C0505AE0049642C /* Frameworks */ = {
			isa = PBXFrameworksBuildPhase;
			buildActionMask = 2147483647;
			files = (
				A8118EB3B3AA54D8C76C6067 /* libPods-StackOverFlowTests.a in Frameworks */,
			);
			runOnlyForDeploymentPostprocessing = 0;
		};
		3B73B24F1C0505AE0049642C /* Frameworks */ = {
			isa = PBXFrameworksBuildPhase;
			buildActionMask = 2147483647;
			files = (
			);
			runOnlyForDeploymentPostprocessing = 0;
		};
/* End PBXFrameworksBuildPhase section */

/* Begin PBXGroup section */
		1E5219FEE49E51463BC71286 /* Frameworks */ = {
			isa = PBXGroup;
			children = (
				F934A607B144E2325D3C4098 /* libPods-StackOverFlow.a */,
				436401E4E3270DBF5EAF8001 /* libPods-StackOverFlowTests.a */,
			);
			name = Frameworks;
			sourceTree = "<group>";
		};
		2745F86285EF14C01180EFB0 /* Pods */ = {
			isa = PBXGroup;
			children = (
				73ADE5E708A5D6538CC757DB /* Pods-StackOverFlow.debug.xcconfig */,
				0FB05381E00BD40B7DFC5623 /* Pods-StackOverFlow.release.xcconfig */,
				EB569D62835625CBCEA3C352 /* Pods-StackOverFlowTests.debug.xcconfig */,
				B366CD7A5759B52D773A2792 /* Pods-StackOverFlowTests.release.xcconfig */,
			);
			name = Pods;
			sourceTree = "<group>";
		};
		3B3B62601C07AB0800BAAFA6 /* Cells */ = {
			isa = PBXGroup;
			children = (
				3B3B62611C07AB4400BAAFA6 /* QuestionTableViewCell.h */,
				3B3B62621C07AB4400BAAFA6 /* QuestionTableViewCell.m */,
				3B8F856C1C09E47D0033D67E /* AnswerTableViewCell.h */,
				3B8F856D1C09E47D0033D67E /* AnswerTableViewCell.m */,
			);
			name = Cells;
			sourceTree = "<group>";
		};
		3B43E20E1C0BA7760041D7E5 /* Categories */ = {
			isa = PBXGroup;
			children = (
				3B43E20F1C0BA84A0041D7E5 /* UIViewController+UIAlertController.h */,
				3B43E2101C0BA84A0041D7E5 /* UIViewController+UIAlertController.m */,
			);
			name = Categories;
			sourceTree = "<group>";
		};
		3B73B2221C0505AE0049642C = {
			isa = PBXGroup;
			children = (
				3B73B22D1C0505AE0049642C /* StackOverFlow */,
				3B73B24A1C0505AE0049642C /* StackOverFlowTests */,
				3B73B2551C0505AE0049642C /* StackOverFlowUITests */,
				3B73B22C1C0505AE0049642C /* Products */,
				2745F86285EF14C01180EFB0 /* Pods */,
				1E5219FEE49E51463BC71286 /* Frameworks */,
			);
			sourceTree = "<group>";
		};
		3B73B22C1C0505AE0049642C /* Products */ = {
			isa = PBXGroup;
			children = (
				3B73B22B1C0505AE0049642C /* StackOverFlow.app */,
				3B73B2471C0505AE0049642C /* StackOverFlowTests.xctest */,
				3B73B2521C0505AE0049642C /* StackOverFlowUITests.xctest */,
			);
			name = Products;
			sourceTree = "<group>";
		};
		3B73B22D1C0505AE0049642C /* StackOverFlow */ = {
			isa = PBXGroup;
			children = (
				3B3B62601C07AB0800BAAFA6 /* Cells */,
				3B73B2311C0505AE0049642C /* AppDelegate.h */,
				3B73B2321C0505AE0049642C /* AppDelegate.m */,
				3B73B2341C0505AE0049642C /* MasterViewController.h */,
				3B73B2351C0505AE0049642C /* MasterViewController.m */,
				3BC4EE521C0AF1590047AC36 /* DetailViewController.h */,
				3BC4EE531C0AF1590047AC36 /* DetailViewController.m */,
				3B73B2371C0505AE0049642C /* CommentsViewController.h */,
				3B73B2381C0505AE0049642C /* CommentsViewController.m */,
				3B73B23A1C0505AE0049642C /* Main.storyboard */,
				3B73B23D1C0505AE0049642C /* Assets.xcassets */,
				3B73B23F1C0505AE0049642C /* LaunchScreen.storyboard */,
				3B73B2421C0505AE0049642C /* Info.plist */,
				3B74CFBB1C0638D6000C7E40 /* API */,
				3B74CFBC1C0638E2000C7E40 /* Data */,
				3B43E20E1C0BA7760041D7E5 /* Categories */,
				3B73B22E1C0505AE0049642C /* Supporting Files */,
			);
			path = StackOverFlow;
			sourceTree = "<group>";
		};
		3B73B22E1C0505AE0049642C /* Supporting Files */ = {
			isa = PBXGroup;
			children = (
				3B73B22F1C0505AE0049642C /* main.m */,
				3B8F85691C09CBEB0033D67E /* AppUtils.h */,
				3B8F856A1C09CBEB0033D67E /* AppUtils.m */,
			);
			name = "Supporting Files";
			sourceTree = "<group>";
		};
		3B73B24A1C0505AE0049642C /* StackOverFlowTests */ = {
			isa = PBXGroup;
			children = (
				3B73B24B1C0505AE0049642C /* StackOverFlowTests.m */,
				3B9E62701C0B357B0088A967 /* DetailViewControllerTests.m */,
				3B73B24D1C0505AE0049642C /* Info.plist */,
			);
			path = StackOverFlowTests;
			sourceTree = "<group>";
		};
		3B73B2551C0505AE0049642C /* StackOverFlowUITests */ = {
			isa = PBXGroup;
			children = (
				3B73B2561C0505AE0049642C /* StackOverFlowUITests.m */,
				3B73B2581C0505AE0049642C /* Info.plist */,
			);
			path = StackOverFlowUITests;
			sourceTree = "<group>";
		};
		3B74CFBB1C0638D6000C7E40 /* API */ = {
			isa = PBXGroup;
			children = (
				3B74CFC31C0642D0000C7E40 /* MessageManager.h */,
				3B74CFC41C0642D0000C7E40 /* MessageManager.m */,
			);
			name = API;
			path = ..;
			sourceTree = "<group>";
		};
		3B74CFBC1C0638E2000C7E40 /* Data */ = {
			isa = PBXGroup;
			children = (
				3B74CFC01C063B14000C7E40 /* OwnerItem.h */,
				3B74CFC11C063B14000C7E40 /* OwnerItem.m */,
				3B74CFBD1C063ADF000C7E40 /* QuestionItem.h */,
				3B74CFBE1C063ADF000C7E40 /* QuestionItem.m */,
				3B8F85721C09F6BF0033D67E /* AnswerItem.h */,
				3B8F85731C09F6BF0033D67E /* AnswerItem.m */,
				3B306DE81C0B1EB4005B06F5 /* CommentItem.h */,
				3B306DE91C0B1EB4005B06F5 /* CommentItem.m */,
			);
			name = Data;
			path = ..;
			sourceTree = "<group>";
		};
/* End PBXGroup section */

/* Begin PBXNativeTarget section */
		3B73B22A1C0505AE0049642C /* StackOverFlow */ = {
			isa = PBXNativeTarget;
			buildConfigurationList = 3B73B25B1C0505AE0049642C /* Build configuration list for PBXNativeTarget "StackOverFlow" */;
			buildPhases = (
				8A5FFD0D051A1DB3CD664E95 /* Check Pods Manifest.lock */,
				3B73B2271C0505AE0049642C /* Sources */,
				3B73B2281C0505AE0049642C /* Frameworks */,
				3B73B2291C0505AE0049642C /* Resources */,
				C1F269EEBA1404228E3CADDF /* Embed Pods Frameworks */,
				D1BE2CF58258962CB845C61B /* Copy Pods Resources */,
			);
			buildRules = (
			);
			dependencies = (
			);
			name = StackOverFlow;
			productName = StackOverFlow;
			productReference = 3B73B22B1C0505AE0049642C /* StackOverFlow.app */;
			productType = "com.apple.product-type.application";
		};
		3B73B2461C0505AE0049642C /* StackOverFlowTests */ = {
			isa = PBXNativeTarget;
			buildConfigurationList = 3B73B25E1C0505AE0049642C /* Build configuration list for PBXNativeTarget "StackOverFlowTests" */;
			buildPhases = (
				58C544F795045CA9BD0D2F9C /* Check Pods Manifest.lock */,
				3B73B2431C0505AE0049642C /* Sources */,
				3B73B2441C0505AE0049642C /* Frameworks */,
				3B73B2451C0505AE0049642C /* Resources */,
				B77ACCABEAADECE87974889B /* Embed Pods Frameworks */,
				4033FEE757DE88926982400C /* Copy Pods Resources */,
			);
			buildRules = (
			);
			dependencies = (
				3B73B2491C0505AE0049642C /* PBXTargetDependency */,
			);
			name = StackOverFlowTests;
			productName = StackOverFlowTests;
			productReference = 3B73B2471C0505AE0049642C /* StackOverFlowTests.xctest */;
			productType = "com.apple.product-type.bundle.unit-test";
		};
		3B73B2511C0505AE0049642C /* StackOverFlowUITests */ = {
			isa = PBXNativeTarget;
			buildConfigurationList = 3B73B2611C0505AE0049642C /* Build configuration list for PBXNativeTarget "StackOverFlowUITests" */;
			buildPhases = (
				3B73B24E1C0505AE0049642C /* Sources */,
				3B73B24F1C0505AE0049642C /* Frameworks */,
				3B73B2501C0505AE0049642C /* Resources */,
			);
			buildRules = (
			);
			dependencies = (
				3B73B2541C0505AE0049642C /* PBXTargetDependency */,
			);
			name = StackOverFlowUITests;
			productName = StackOverFlowUITests;
			productReference = 3B73B2521C0505AE0049642C /* StackOverFlowUITests.xctest */;
			productType = "com.apple.product-type.bundle.ui-testing";
		};
/* End PBXNativeTarget section */

/* Begin PBXProject section */
		3B73B2231C0505AE0049642C /* Project object */ = {
			isa = PBXProject;
			attributes = {
				CLASSPREFIX = "";
				LastUpgradeCheck = 0710;
				ORGANIZATIONNAME = "Sergei Prikhodko";
				TargetAttributes = {
					3B73B22A1C0505AE0049642C = {
						CreatedOnToolsVersion = 7.1.1;
					};
					3B73B2461C0505AE0049642C = {
						CreatedOnToolsVersion = 7.1.1;
						TestTargetID = 3B73B22A1C0505AE0049642C;
					};
					3B73B2511C0505AE0049642C = {
						CreatedOnToolsVersion = 7.1.1;
						TestTargetID = 3B73B22A1C0505AE0049642C;
					};
				};
			};
			buildConfigurationList = 3B73B2261C0505AE0049642C /* Build configuration list for PBXProject "StackOverFlow" */;
			compatibilityVersion = "Xcode 3.2";
			developmentRegion = English;
			hasScannedForEncodings = 0;
			knownRegions = (
				en,
				Base,
			);
			mainGroup = 3B73B2221C0505AE0049642C;
			productRefGroup = 3B73B22C1C0505AE0049642C /* Products */;
			projectDirPath = "";
			projectRoot = "";
			targets = (
				3B73B22A1C0505AE0049642C /* StackOverFlow */,
				3B73B2461C0505AE0049642C /* StackOverFlowTests */,
				3B73B2511C0505AE0049642C /* StackOverFlowUITests */,
			);
		};
/* End PBXProject section */

/* Begin PBXResourcesBuildPhase section */
		3B73B2291C0505AE0049642C /* Resources */ = {
			isa = PBXResourcesBuildPhase;
			buildActionMask = 2147483647;
			files = (
				3B73B2411C0505AE0049642C /* LaunchScreen.storyboard in Resources */,
				3B73B23E1C0505AE0049642C /* Assets.xcassets in Resources */,
				3B73B23C1C0505AE0049642C /* Main.storyboard in Resources */,
			);
			runOnlyForDeploymentPostprocessing = 0;
		};
		3B73B2451C0505AE0049642C /* Resources */ = {
			isa = PBXResourcesBuildPhase;
			buildActionMask = 2147483647;
			files = (
			);
			runOnlyForDeploymentPostprocessing = 0;
		};
		3B73B2501C0505AE0049642C /* Resources */ = {
			isa = PBXResourcesBuildPhase;
			buildActionMask = 2147483647;
			files = (
			);
			runOnlyForDeploymentPostprocessing = 0;
		};
/* End PBXResourcesBuildPhase section */

/* Begin PBXShellScriptBuildPhase section */
		4033FEE757DE88926982400C /* Copy Pods Resources */ = {
			isa = PBXShellScriptBuildPhase;
			buildActionMask = 2147483647;
			files = (
			);
			inputPaths = (
			);
			name = "Copy Pods Resources";
			outputPaths = (
			);
			runOnlyForDeploymentPostprocessing = 0;
			shellPath = /bin/sh;
			shellScript = "\"${SRCROOT}/Pods/Target Support Files/Pods-StackOverFlowTests/Pods-StackOverFlowTests-resources.sh\"\n";
			showEnvVarsInLog = 0;
		};
		58C544F795045CA9BD0D2F9C /* Check Pods Manifest.lock */ = {
			isa = PBXShellScriptBuildPhase;
			buildActionMask = 2147483647;
			files = (
			);
			inputPaths = (
			);
			name = "Check Pods Manifest.lock";
			outputPaths = (
			);
			runOnlyForDeploymentPostprocessing = 0;
			shellPath = /bin/sh;
			shellScript = "diff \"${PODS_ROOT}/../Podfile.lock\" \"${PODS_ROOT}/Manifest.lock\" > /dev/null\nif [[ $? != 0 ]] ; then\n    cat << EOM\nerror: The sandbox is not in sync with the Podfile.lock. Run 'pod install' or update your CocoaPods installation.\nEOM\n    exit 1\nfi\n";
			showEnvVarsInLog = 0;
		};
		8A5FFD0D051A1DB3CD664E95 /* Check Pods Manifest.lock */ = {
			isa = PBXShellScriptBuildPhase;
			buildActionMask = 2147483647;
			files = (
			);
			inputPaths = (
			);
			name = "Check Pods Manifest.lock";
			outputPaths = (
			);
			runOnlyForDeploymentPostprocessing = 0;
			shellPath = /bin/sh;
			shellScript = "diff \"${PODS_ROOT}/../Podfile.lock\" \"${PODS_ROOT}/Manifest.lock\" > /dev/null\nif [[ $? != 0 ]] ; then\n    cat << EOM\nerror: The sandbox is not in sync with the Podfile.lock. Run 'pod install' or update your CocoaPods installation.\nEOM\n    exit 1\nfi\n";
			showEnvVarsInLog = 0;
		};
		B77ACCABEAADECE87974889B /* Embed Pods Frameworks */ = {
			isa = PBXShellScriptBuildPhase;
			buildActionMask = 2147483647;
			files = (
			);
			inputPaths = (
			);
			name = "Embed Pods Frameworks";
			outputPaths = (
			);
			runOnlyForDeploymentPostprocessing = 0;
			shellPath = /bin/sh;
			shellScript = "\"${SRCROOT}/Pods/Target Support Files/Pods-StackOverFlowTests/Pods-StackOverFlowTests-frameworks.sh\"\n";
			showEnvVarsInLog = 0;
		};
		C1F269EEBA1404228E3CADDF /* Embed Pods Frameworks */ = {
			isa = PBXShellScriptBuildPhase;
			buildActionMask = 2147483647;
			files = (
			);
			inputPaths = (
			);
			name = "Embed Pods Frameworks";
			outputPaths = (
			);
			runOnlyForDeploymentPostprocessing = 0;
			shellPath = /bin/sh;
			shellScript = "\"${SRCROOT}/Pods/Target Support Files/Pods-StackOverFlow/Pods-StackOverFlow-frameworks.sh\"\n";
			showEnvVarsInLog = 0;
		};
		D1BE2CF58258962CB845C61B /* Copy Pods Resources */ = {
			isa = PBXShellScriptBuildPhase;
			buildActionMask = 2147483647;
			files = (
			);
			inputPaths = (
			);
			name = "Copy Pods Resources";
			outputPaths = (
			);
			runOnlyForDeploymentPostprocessing = 0;
			shellPath = /bin/sh;
			shellScript = "\"${SRCROOT}/Pods/Target Support Files/Pods-StackOverFlow/Pods-StackOverFlow-resources.sh\"\n";
			showEnvVarsInLog = 0;
		};
/* End PBXShellScriptBuildPhase section */

/* Begin PBXSourcesBuildPhase section */
		3B73B2271C0505AE0049642C /* Sources */ = {
			isa = PBXSourcesBuildPhase;
			buildActionMask = 2147483647;
			files = (
				3B74CFBF1C063ADF000C7E40 /* QuestionItem.m in Sources */,
				3B306DEA1C0B1EB4005B06F5 /* CommentItem.m in Sources */,
				3B74CFC51C0642D0000C7E40 /* MessageManager.m in Sources */,
				3B73B2331C0505AE0049642C /* AppDelegate.m in Sources */,
				3B73B2361C0505AE0049642C /* MasterViewController.m in Sources */,
				3B8F85741C09F6BF0033D67E /* AnswerItem.m in Sources */,
				3B8F856B1C09CBEB0033D67E /* AppUtils.m in Sources */,
				3B43E2111C0BA84A0041D7E5 /* UIViewController+UIAlertController.m in Sources */,
				3B8F856E1C09E47D0033D67E /* AnswerTableViewCell.m in Sources */,
				3B73B2301C0505AE0049642C /* main.m in Sources */,
				3B3B62631C07AB4400BAAFA6 /* QuestionTableViewCell.m in Sources */,
				3B74CFC21C063B14000C7E40 /* OwnerItem.m in Sources */,
				3B73B2391C0505AE0049642C /* CommentsViewController.m in Sources */,
				3BC4EE541C0AF1590047AC36 /* DetailViewController.m in Sources */,
			);
			runOnlyForDeploymentPostprocessing = 0;
		};
		3B73B2431C0505AE0049642C /* Sources */ = {
			isa = PBXSourcesBuildPhase;
			buildActionMask = 2147483647;
			files = (
				3B73B24C1C0505AE0049642C /* StackOverFlowTests.m in Sources */,
				3B9E62711C0B357B0088A967 /* DetailViewControllerTests.m in Sources */,
			);
			runOnlyForDeploymentPostprocessing = 0;
		};
		3B73B24E1C0505AE0049642C /* Sources */ = {
			isa = PBXSourcesBuildPhase;
			buildActionMask = 2147483647;
			files = (
				3B73B2571C0505AE0049642C /* StackOverFlowUITests.m in Sources */,
			);
			runOnlyForDeploymentPostprocessing = 0;
		};
/* End PBXSourcesBuildPhase section */

/* Begin PBXTargetDependency section */
		3B73B2491C0505AE0049642C /* PBXTargetDependency */ = {
			isa = PBXTargetDependency;
			target = 3B73B22A1C0505AE0049642C /* StackOverFlow */;
			targetProxy = 3B73B2481C0505AE0049642C /* PBXContainerItemProxy */;
		};
		3B73B2541C0505AE0049642C /* PBXTargetDependency */ = {
			isa = PBXTargetDependency;
			target = 3B73B22A1C0505AE0049642C /* StackOverFlow */;
			targetProxy = 3B73B2531C0505AE0049642C /* PBXContainerItemProxy */;
		};
/* End PBXTargetDependency section */

/* Begin PBXVariantGroup section */
		3B73B23A1C0505AE0049642C /* Main.storyboard */ = {
			isa = PBXVariantGroup;
			children = (
				3B73B23B1C0505AE0049642C /* Base */,
			);
			name = Main.storyboard;
			sourceTree = "<group>";
		};
		3B73B23F1C0505AE0049642C /* LaunchScreen.storyboard */ = {
			isa = PBXVariantGroup;
			children = (
				3B73B2401C0505AE0049642C /* Base */,
			);
			name = LaunchScreen.storyboard;
			sourceTree = "<group>";
		};
/* End PBXVariantGroup section */

/* Begin XCBuildConfiguration section */
		3B73B2591C0505AE0049642C /* Debug */ = {
			isa = XCBuildConfiguration;
			buildSettings = {
				ALWAYS_SEARCH_USER_PATHS = NO;
				CLANG_CXX_LANGUAGE_STANDARD = "gnu++0x";
				CLANG_CXX_LIBRARY = "libc++";
				CLANG_ENABLE_MODULES = YES;
				CLANG_ENABLE_OBJC_ARC = YES;
				CLANG_WARN_BOOL_CONVERSION = YES;
				CLANG_WARN_CONSTANT_CONVERSION = YES;
				CLANG_WARN_DIRECT_OBJC_ISA_USAGE = YES_ERROR;
				CLANG_WARN_EMPTY_BODY = YES;
				CLANG_WARN_ENUM_CONVERSION = YES;
				CLANG_WARN_INT_CONVERSION = YES;
				CLANG_WARN_OBJC_ROOT_CLASS = YES_ERROR;
				CLANG_WARN_UNREACHABLE_CODE = YES;
				CLANG_WARN__DUPLICATE_METHOD_MATCH = YES;
				"CODE_SIGN_IDENTITY[sdk=iphoneos*]" = "iPhone Developer";
				COPY_PHASE_STRIP = NO;
				DEBUG_INFORMATION_FORMAT = dwarf;
				ENABLE_STRICT_OBJC_MSGSEND = YES;
				ENABLE_TESTABILITY = YES;
				GCC_C_LANGUAGE_STANDARD = gnu99;
				GCC_DYNAMIC_NO_PIC = NO;
				GCC_NO_COMMON_BLOCKS = YES;
				GCC_OPTIMIZATION_LEVEL = 0;
				GCC_PREPROCESSOR_DEFINITIONS = (
					"DEBUG=1",
					"$(inherited)",
				);
				GCC_WARN_64_TO_32_BIT_CONVERSION = YES;
				GCC_WARN_ABOUT_RETURN_TYPE = YES_ERROR;
				GCC_WARN_UNDECLARED_SELECTOR = YES;
				GCC_WARN_UNINITIALIZED_AUTOS = YES_AGGRESSIVE;
				GCC_WARN_UNUSED_FUNCTION = YES;
				GCC_WARN_UNUSED_VARIABLE = YES;
				IPHONEOS_DEPLOYMENT_TARGET = 9.0;
				MTL_ENABLE_DEBUG_INFO = YES;
				ONLY_ACTIVE_ARCH = YES;
				SDKROOT = iphoneos;
				TARGETED_DEVICE_FAMILY = "1,2";
			};
			name = Debug;
		};
		3B73B25A1C0505AE0049642C /* Release */ = {
			isa = XCBuildConfiguration;
			buildSettings = {
				ALWAYS_SEARCH_USER_PATHS = NO;
				CLANG_CXX_LANGUAGE_STANDARD = "gnu++0x";
				CLANG_CXX_LIBRARY = "libc++";
				CLANG_ENABLE_MODULES = YES;
				CLANG_ENABLE_OBJC_ARC = YES;
				CLANG_WARN_BOOL_CONVERSION = YES;
				CLANG_WARN_CONSTANT_CONVERSION = YES;
				CLANG_WARN_DIRECT_OBJC_ISA_USAGE = YES_ERROR;
				CLANG_WARN_EMPTY_BODY = YES;
				CLANG_WARN_ENUM_CONVERSION = YES;
				CLANG_WARN_INT_CONVERSION = YES;
				CLANG_WARN_OBJC_ROOT_CLASS = YES_ERROR;
				CLANG_WARN_UNREACHABLE_CODE = YES;
				CLANG_WARN__DUPLICATE_METHOD_MATCH = YES;
				"CODE_SIGN_IDENTITY[sdk=iphoneos*]" = "iPhone Developer";
				COPY_PHASE_STRIP = NO;
				DEBUG_INFORMATION_FORMAT = "dwarf-with-dsym";
				ENABLE_NS_ASSERTIONS = NO;
				ENABLE_STRICT_OBJC_MSGSEND = YES;
				GCC_C_LANGUAGE_STANDARD = gnu99;
				GCC_NO_COMMON_BLOCKS = YES;
				GCC_WARN_64_TO_32_BIT_CONVERSION = YES;
				GCC_WARN_ABOUT_RETURN_TYPE = YES_ERROR;
				GCC_WARN_UNDECLARED_SELECTOR = YES;
				GCC_WARN_UNINITIALIZED_AUTOS = YES_AGGRESSIVE;
				GCC_WARN_UNUSED_FUNCTION = YES;
				GCC_WARN_UNUSED_VARIABLE = YES;
				IPHONEOS_DEPLOYMENT_TARGET = 9.0;
				MTL_ENABLE_DEBUG_INFO = NO;
				SDKROOT = iphoneos;
				TARGETED_DEVICE_FAMILY = "1,2";
				VALIDATE_PRODUCT = YES;
			};
			name = Release;
		};
		3B73B25C1C0505AE0049642C /* Debug */ = {
			isa = XCBuildConfiguration;
			baseConfigurationReference = 73ADE5E708A5D6538CC757DB /* Pods-StackOverFlow.debug.xcconfig */;
			buildSettings = {
				ASSETCATALOG_COMPILER_APPICON_NAME = AppIcon;
				INFOPLIST_FILE = StackOverFlow/Info.plist;
				LD_RUNPATH_SEARCH_PATHS = "$(inherited) @executable_path/Frameworks";
				PRODUCT_BUNDLE_IDENTIFIER = sp.StackOverFlow;
				PRODUCT_NAME = "$(TARGET_NAME)";
			};
			name = Debug;
		};
		3B73B25D1C0505AE0049642C /* Release */ = {
			isa = XCBuildConfiguration;
			baseConfigurationReference = 0FB05381E00BD40B7DFC5623 /* Pods-StackOverFlow.release.xcconfig */;
			buildSettings = {
				ASSETCATALOG_COMPILER_APPICON_NAME = AppIcon;
				INFOPLIST_FILE = StackOverFlow/Info.plist;
				LD_RUNPATH_SEARCH_PATHS = "$(inherited) @executable_path/Frameworks";
				PRODUCT_BUNDLE_IDENTIFIER = sp.StackOverFlow;
				PRODUCT_NAME = "$(TARGET_NAME)";
			};
			name = Release;
		};
		3B73B25F1C0505AE0049642C /* Debug */ = {
			isa = XCBuildConfiguration;
			baseConfigurationReference = EB569D62835625CBCEA3C352 /* Pods-StackOverFlowTests.debug.xcconfig */;
			buildSettings = {
				BUNDLE_LOADER = "$(TEST_HOST)";
				INFOPLIST_FILE = StackOverFlowTests/Info.plist;
				LD_RUNPATH_SEARCH_PATHS = "$(inherited) @executable_path/Frameworks @loader_path/Frameworks";
				PRODUCT_BUNDLE_IDENTIFIER = sp.StackOverFlowTests;
				PRODUCT_NAME = "$(TARGET_NAME)";
				TEST_HOST = "$(BUILT_PRODUCTS_DIR)/StackOverFlow.app/StackOverFlow";
			};
			name = Debug;
		};
		3B73B2601C0505AE0049642C /* Release */ = {
			isa = XCBuildConfiguration;
			baseConfigurationReference = B366CD7A5759B52D773A2792 /* Pods-StackOverFlowTests.release.xcconfig */;
			buildSettings = {
				BUNDLE_LOADER = "$(TEST_HOST)";
				INFOPLIST_FILE = StackOverFlowTests/Info.plist;
				LD_RUNPATH_SEARCH_PATHS = "$(inherited) @executable_path/Frameworks @loader_path/Frameworks";
				PRODUCT_BUNDLE_IDENTIFIER = sp.StackOverFlowTests;
				PRODUCT_NAME = "$(TARGET_NAME)";
				TEST_HOST = "$(BUILT_PRODUCTS_DIR)/StackOverFlow.app/StackOverFlow";
			};
			name = Release;
		};
		3B73B2621C0505AE0049642C /* Debug */ = {
			isa = XCBuildConfiguration;
			buildSettings = {
				INFOPLIST_FILE = StackOverFlowUITests/Info.plist;
				LD_RUNPATH_SEARCH_PATHS = "$(inherited) @executable_path/Frameworks @loader_path/Frameworks";
				PRODUCT_BUNDLE_IDENTIFIER = sp.StackOverFlowUITests;
				PRODUCT_NAME = "$(TARGET_NAME)";
				TEST_TARGET_NAME = StackOverFlow;
				USES_XCTRUNNER = YES;
			};
			name = Debug;
		};
		3B73B2631C0505AE0049642C /* Release */ = {
			isa = XCBuildConfiguration;
			buildSettings = {
				INFOPLIST_FILE = StackOverFlowUITests/Info.plist;
				LD_RUNPATH_SEARCH_PATHS = "$(inherited) @executable_path/Frameworks @loader_path/Frameworks";
				PRODUCT_BUNDLE_IDENTIFIER = sp.StackOverFlowUITests;
				PRODUCT_NAME = "$(TARGET_NAME)";
				TEST_TARGET_NAME = StackOverFlow;
				USES_XCTRUNNER = YES;
			};
			name = Release;
		};
/* End XCBuildConfiguration section */

/* Begin XCConfigurationList section */
		3B73B2261C0505AE0049642C /* Build configuration list for PBXProject "StackOverFlow" */ = {
			isa = XCConfigurationList;
			buildConfigurations = (
				3B73B2591C0505AE0049642C /* Debug */,
				3B73B25A1C0505AE0049642C /* Release */,
			);
			defaultConfigurationIsVisible = 0;
			defaultConfigurationName = Release;
		};
		3B73B25B1C0505AE0049642C /* Build configuration list for PBXNativeTarget "StackOverFlow" */ = {
			isa = XCConfigurationList;
			buildConfigurations = (
				3B73B25C1C0505AE0049642C /* Debug */,
				3B73B25D1C0505AE0049642C /* Release */,
			);
			defaultConfigurationIsVisible = 0;
			defaultConfigurationName = Release;
		};
		3B73B25E1C0505AE0049642C /* Build configuration list for PBXNativeTarget "StackOverFlowTests" */ = {
			isa = XCConfigurationList;
			buildConfigurations = (
				3B73B25F1C0505AE0049642C /* Debug */,
				3B73B2601C0505AE0049642C /* Release */,
			);
			defaultConfigurationIsVisible = 0;
			defaultConfigurationName = Release;
		};
		3B73B2611C0505AE0049642C /* Build configuration list for PBXNativeTarget "StackOverFlowUITests" */ = {
			isa = XCConfigurationList;
			buildConfigurations = (
				3B73B2621C0505AE0049642C /* Debug */,
				3B73B2631C0505AE0049642C /* Release */,
			);
			defaultConfigurationIsVisible = 0;
			defaultConfigurationName = Release;
		};
/* End XCConfigurationList section */
	};
	rootObject = 3B73B2231C0505AE0049642C /* Project object */;
}
